# This file is automatically @generated by Poetry 1.8.4 and should not be changed by hand.

[[package]]
name = "square"
version = "0.0.3"
description = "Please visit https://pypi.org/project/squareup/"
optional = false
python-versions = ">=3.6"
files = [
    {file = "square-0.0.3-py3-none-any.whl", hash = "sha256:cd2050d797eab4ead80c5617f376df67b49accb01654a9cd263674acca5ec876"},
]

[metadata]
lock-version = "2.0"
python-versions = "^3.9"
content-hash = "ee59563d62cd73f2db3857347a5be96aaa6f5cca1965e9673071e4682db36517"
